{
  "version": 4,
  "terraform_version": "1.8.3",
  "serial": 2,
  "lineage": "e23d016f-7ea6-0179-dc02-7cf9693d9788",
  "outputs": {
    "vpcid": {
      "value": "vpc-0e87aa83531788e5f",
      "type": "string"
    }
  },
  "resources": [
    {
      "mode": "managed",
      "type": "aws_vpc",
      "name": "myvpc",
      "provider": "provider[\"registry.terraform.io/hashicorp/aws\"]",
      "instances": [
        {
          "schema_version": 1,
          "attributes": {
            "arn": "arn:aws:ec2:us-east-1:415263335875:vpc/vpc-0e87aa83531788e5f",
            "assign_generated_ipv6_cidr_block": false,
            "cidr_block": "10.0.0.0/16",
            "default_network_acl_id": "acl-00227bace9117f68c",
            "default_route_table_id": "rtb-04f4001a0439c356c",
            "default_security_group_id": "sg-092679a54f49f47b2",
            "dhcp_options_id": "dopt-92dc30e8",
            "enable_dns_hostnames": false,
            "enable_dns_support": true,
            "enable_network_address_usage_metrics": false,
            "id": "vpc-0e87aa83531788e5f",
            "instance_tenancy": "default",
            "ipv4_ipam_pool_id": null,
            "ipv4_netmask_length": null,
            "ipv6_association_id": "",
            "ipv6_cidr_block": "",
            "ipv6_cidr_block_network_border_group": "",
            "ipv6_ipam_pool_id": "",
            "ipv6_netmask_length": 0,
            "main_route_table_id": "rtb-04f4001a0439c356c",
            "owner_id": "415263335875",
            "tags": {
              "Name": "moo"
            },
            "tags_all": {
              "Name": "moo"
            }
          },
          "sensitive_attributes": [],
          "private": "eyJzY2hlbWFfdmVyc2lvbiI6IjEifQ=="
        }
      ]
    }
  ],
  "check_results": null
}
